
Microsoft Visual Studio Solution File, Format Version 12.00
# Visual Studio 15
VisualStudioVersion = 15.0.27004.2006
MinimumVisualStudioVersion = 10.0.40219.1
Project("{FAE04EC0-301F-11D3-BF4B-00C04F79EFBC}") = "VSCMakeWizards", "VSCMakeWizards.csproj", "{EBA623E7-F1DB-475B-BDB1-848044CE8DA6}"
EndProject
Project("{FAE04EC0-301F-11D3-BF4B-00C04F79EFBC}") = "VSCMakeWizardsUnitTest", "VSCMakeWizardsUnitTest\VSCMakeWizardsUnitTest.csproj", "{819288F8-D02B-4DAF-A3B9-1DA3F18BFE2E}"
	ProjectSection(ProjectDependencies) = postProject
		{EBA623E7-F1DB-475B-BDB1-848044CE8DA6} = {EBA623E7-F1DB-475B-BDB1-848044CE8DA6}
	EndProjectSection
EndProject
Global
	GlobalSection(SolutionConfigurationPlatforms) = preSolution
		Debug|Any CPU = Debug|Any CPU
		Release|Any CPU = Release|Any CPU
	EndGlobalSection
	GlobalSection(ProjectConfigurationPlatforms) = postSolution
		{EBA623E7-F1DB-475B-BDB1-848044CE8DA6}.Debug|Any CPU.ActiveCfg = Debug|Any CPU
		{EBA623E7-F1DB-475B-BDB1-848044CE8DA6}.Debug|Any CPU.Build.0 = Debug|Any CPU
		{EBA623E7-F1DB-475B-BDB1-848044CE8DA6}.Release|Any CPU.ActiveCfg = Release|Any CPU
		{EBA623E7-F1DB-475B-BDB1-848044CE8DA6}.Release|Any CPU.Build.0 = Release|Any CPU
		{819288F8-D02B-4DAF-A3B9-1DA3F18BFE2E}.Debug|Any CPU.ActiveCfg = Debug|Any CPU
		{819288F8-D02B-4DAF-A3B9-1DA3F18BFE2E}.Debug|Any CPU.Build.0 = Debug|Any CPU
		{819288F8-D02B-4DAF-A3B9-1DA3F18BFE2E}.Release|Any CPU.ActiveCfg = Release|Any CPU
		{819288F8-D02B-4DAF-A3B9-1DA3F18BFE2E}.Release|Any CPU.Build.0 = Release|Any CPU
	EndGlobalSection
	GlobalSection(SolutionProperties) = preSolution
		HideSolutionNode = FALSE
	EndGlobalSection
	GlobalSection(ExtensibilityGlobals) = postSolution
		SolutionGuid = {BC150EA2-24E5-4938-82F0-BA46A54D6F43}
	EndGlobalSection
EndGlobal
